
Microsoft Visual Studio Solution File, Format Version 12.00
# Visual Studio Version 16
VisualStudioVersion = 16.0.29102.190
MinimumVisualStudioVersion = 10.0.40219.1
Project("{FAE04EC0-301F-11D3-BF4B-00C04F79EFBC}") = "HtmlDynamicLibrary", "HtmlDynamicLibrary\HtmlDynamicLibrary.csproj", "{668A770A-736D-44D4-966A-CBD3A91E90C1}"
EndProject
Project("{FAE04EC0-301F-11D3-BF4B-00C04F79EFBC}") = "MvcTest", "MvcTest\MvcTest.csproj", "{EEA38472-E445-4030-95D9-4C004FAA631C}"
EndProject
Global
	GlobalSection(SolutionConfigurationPlatforms) = preSolution
		Debug|Any CPU = Debug|Any CPU
		Release|Any CPU = Release|Any CPU
	EndGlobalSection
	GlobalSection(ProjectConfigurationPlatforms) = postSolution
		{668A770A-736D-44D4-966A-CBD3A91E90C1}.Debug|Any CPU.ActiveCfg = Debug|Any CPU
		{668A770A-736D-44D4-966A-CBD3A91E90C1}.Debug|Any CPU.Build.0 = Debug|Any CPU
		{668A770A-736D-44D4-966A-CBD3A91E90C1}.Release|Any CPU.ActiveCfg = Release|Any CPU
		{668A770A-736D-44D4-966A-CBD3A91E90C1}.Release|Any CPU.Build.0 = Release|Any CPU
		{EEA38472-E445-4030-95D9-4C004FAA631C}.Debug|Any CPU.ActiveCfg = Debug|Any CPU
		{EEA38472-E445-4030-95D9-4C004FAA631C}.Debug|Any CPU.Build.0 = Debug|Any CPU
		{EEA38472-E445-4030-95D9-4C004FAA631C}.Release|Any CPU.ActiveCfg = Release|Any CPU
		{EEA38472-E445-4030-95D9-4C004FAA631C}.Release|Any CPU.Build.0 = Release|Any CPU
	EndGlobalSection
	GlobalSection(SolutionProperties) = preSolution
		HideSolutionNode = FALSE
	EndGlobalSection
	GlobalSection(ExtensibilityGlobals) = postSolution
		SolutionGuid = {EB992934-34C8-4A9F-BF2F-5362FB956694}
	EndGlobalSection
EndGlobal
